
Microsoft Visual Studio Solution File, Format Version 12.00
# Visual Studio Version 17
VisualStudioVersion = 17.3.32811.315
MinimumVisualStudioVersion = 10.0.40219.1
Project("{FAE04EC0-301F-11D3-BF4B-00C04F79EFBC}") = "NetAzure_DemoApi", "NetAzure_DemoApi\NetAzure_DemoApi.csproj", "{FB5A9294-D17E-427F-B0D2-AEF80C44C6AC}"
EndProject
Project("{00D1A9C2-B5F0-4AF3-8072-F6C62B433612}") = "NetAzure_DemoApi.Database", "NetAzure_DemoApi.Database\NetAzure_DemoApi.Database.sqlproj", "{0DF72D38-CC54-47DC-9197-B838792DD64A}"
EndProject
Project("{FAE04EC0-301F-11D3-BF4B-00C04F79EFBC}") = "Tools.Connections", "Tools.Connections\Tools.Connections.csproj", "{3C49C6FD-CFBA-423B-B94C-0FCBBB25E982}"
EndProject
Project("{2150E333-8FDC-42A3-9474-1A3956D46DE8}") = "00 Database", "00 Database", "{67504B42-9C04-43D8-A4A4-B3345A51DDD7}"
EndProject
Project("{2150E333-8FDC-42A3-9474-1A3956D46DE8}") = "01 Dal Bll", "01 Dal Bll", "{A098E3BA-9347-47E4-8B39-C564D9674935}"
EndProject
Project("{2150E333-8FDC-42A3-9474-1A3956D46DE8}") = "02 CQRS", "02 CQRS", "{C800AF37-4F7C-4A8D-83E6-50A047962CB2}"
EndProject
Project("{2150E333-8FDC-42A3-9474-1A3956D46DE8}") = "03 App", "03 App", "{A81231AA-566C-4795-A480-B88F7E014C7B}"
EndProject
Project("{2150E333-8FDC-42A3-9474-1A3956D46DE8}") = "99 Tools", "99 Tools", "{98940169-ECAA-4B3F-B170-A399173EF9A2}"
EndProject
Project("{FAE04EC0-301F-11D3-BF4B-00C04F79EFBC}") = "NetAzure_DemoApi.Dal", "NetAzure_DemoApi.Dal\NetAzure_DemoApi.Dal.csproj", "{019F767C-7EB8-44D3-88A1-23F5EF484ACA}"
EndProject
Project("{FAE04EC0-301F-11D3-BF4B-00C04F79EFBC}") = "NetAzure_DemoApi.Bll", "NetAzure_DemoApi.Bll\NetAzure_DemoApi.Bll.csproj", "{A4DC61F1-AE90-4876-A188-BBE05F4EB6E3}"
EndProject
Project("{FAE04EC0-301F-11D3-BF4B-00C04F79EFBC}") = "Tools.CQRS", "Tools.CQRS\Tools.CQRS.csproj", "{966BD9C3-E68B-4C6E-8546-29A3DD6B4012}"
EndProject
Project("{FAE04EC0-301F-11D3-BF4B-00C04F79EFBC}") = "NetAzure_DemoApi.CQRS", "NetAzure_DemoApi.CQRS\NetAzure_DemoApi.CQRS.csproj", "{1D1048B2-4299-4C64-82C9-8620AF7A86C3}"
EndProject
Global
	GlobalSection(SolutionConfigurationPlatforms) = preSolution
		Debug|Any CPU = Debug|Any CPU
		Release|Any CPU = Release|Any CPU
	EndGlobalSection
	GlobalSection(ProjectConfigurationPlatforms) = postSolution
		{FB5A9294-D17E-427F-B0D2-AEF80C44C6AC}.Debug|Any CPU.ActiveCfg = Debug|Any CPU
		{FB5A9294-D17E-427F-B0D2-AEF80C44C6AC}.Debug|Any CPU.Build.0 = Debug|Any CPU
		{FB5A9294-D17E-427F-B0D2-AEF80C44C6AC}.Release|Any CPU.ActiveCfg = Release|Any CPU
		{FB5A9294-D17E-427F-B0D2-AEF80C44C6AC}.Release|Any CPU.Build.0 = Release|Any CPU
		{0DF72D38-CC54-47DC-9197-B838792DD64A}.Debug|Any CPU.ActiveCfg = Debug|Any CPU
		{0DF72D38-CC54-47DC-9197-B838792DD64A}.Debug|Any CPU.Build.0 = Debug|Any CPU
		{0DF72D38-CC54-47DC-9197-B838792DD64A}.Debug|Any CPU.Deploy.0 = Debug|Any CPU
		{0DF72D38-CC54-47DC-9197-B838792DD64A}.Release|Any CPU.ActiveCfg = Release|Any CPU
		{0DF72D38-CC54-47DC-9197-B838792DD64A}.Release|Any CPU.Build.0 = Release|Any CPU
		{0DF72D38-CC54-47DC-9197-B838792DD64A}.Release|Any CPU.Deploy.0 = Release|Any CPU
		{3C49C6FD-CFBA-423B-B94C-0FCBBB25E982}.Debug|Any CPU.ActiveCfg = Debug|Any CPU
		{3C49C6FD-CFBA-423B-B94C-0FCBBB25E982}.Debug|Any CPU.Build.0 = Debug|Any CPU
		{3C49C6FD-CFBA-423B-B94C-0FCBBB25E982}.Release|Any CPU.ActiveCfg = Release|Any CPU
		{3C49C6FD-CFBA-423B-B94C-0FCBBB25E982}.Release|Any CPU.Build.0 = Release|Any CPU
		{019F767C-7EB8-44D3-88A1-23F5EF484ACA}.Debug|Any CPU.ActiveCfg = Debug|Any CPU
		{019F767C-7EB8-44D3-88A1-23F5EF484ACA}.Debug|Any CPU.Build.0 = Debug|Any CPU
		{019F767C-7EB8-44D3-88A1-23F5EF484ACA}.Release|Any CPU.ActiveCfg = Release|Any CPU
		{019F767C-7EB8-44D3-88A1-23F5EF484ACA}.Release|Any CPU.Build.0 = Release|Any CPU
		{A4DC61F1-AE90-4876-A188-BBE05F4EB6E3}.Debug|Any CPU.ActiveCfg = Debug|Any CPU
		{A4DC61F1-AE90-4876-A188-BBE05F4EB6E3}.Debug|Any CPU.Build.0 = Debug|Any CPU
		{A4DC61F1-AE90-4876-A188-BBE05F4EB6E3}.Release|Any CPU.ActiveCfg = Release|Any CPU
		{A4DC61F1-AE90-4876-A188-BBE05F4EB6E3}.Release|Any CPU.Build.0 = Release|Any CPU
		{966BD9C3-E68B-4C6E-8546-29A3DD6B4012}.Debug|Any CPU.ActiveCfg = Debug|Any CPU
		{966BD9C3-E68B-4C6E-8546-29A3DD6B4012}.Debug|Any CPU.Build.0 = Debug|Any CPU
		{966BD9C3-E68B-4C6E-8546-29A3DD6B4012}.Release|Any CPU.ActiveCfg = Release|Any CPU
		{966BD9C3-E68B-4C6E-8546-29A3DD6B4012}.Release|Any CPU.Build.0 = Release|Any CPU
		{1D1048B2-4299-4C64-82C9-8620AF7A86C3}.Debug|Any CPU.ActiveCfg = Debug|Any CPU
		{1D1048B2-4299-4C64-82C9-8620AF7A86C3}.Debug|Any CPU.Build.0 = Debug|Any CPU
		{1D1048B2-4299-4C64-82C9-8620AF7A86C3}.Release|Any CPU.ActiveCfg = Release|Any CPU
		{1D1048B2-4299-4C64-82C9-8620AF7A86C3}.Release|Any CPU.Build.0 = Release|Any CPU
	EndGlobalSection
	GlobalSection(SolutionProperties) = preSolution
		HideSolutionNode = FALSE
	EndGlobalSection
	GlobalSection(NestedProjects) = preSolution
		{FB5A9294-D17E-427F-B0D2-AEF80C44C6AC} = {A81231AA-566C-4795-A480-B88F7E014C7B}
		{0DF72D38-CC54-47DC-9197-B838792DD64A} = {67504B42-9C04-43D8-A4A4-B3345A51DDD7}
		{3C49C6FD-CFBA-423B-B94C-0FCBBB25E982} = {98940169-ECAA-4B3F-B170-A399173EF9A2}
		{019F767C-7EB8-44D3-88A1-23F5EF484ACA} = {A098E3BA-9347-47E4-8B39-C564D9674935}
		{A4DC61F1-AE90-4876-A188-BBE05F4EB6E3} = {A098E3BA-9347-47E4-8B39-C564D9674935}
		{966BD9C3-E68B-4C6E-8546-29A3DD6B4012} = {98940169-ECAA-4B3F-B170-A399173EF9A2}
		{1D1048B2-4299-4C64-82C9-8620AF7A86C3} = {C800AF37-4F7C-4A8D-83E6-50A047962CB2}
	EndGlobalSection
	GlobalSection(ExtensibilityGlobals) = postSolution
		SolutionGuid = {C8C5AE2E-72AE-441B-A828-F12CC90F42ED}
	EndGlobalSection
EndGlobal
